# Auto-generated by Katalyst - do not edit manually
apiVersion: katalyst.taxonomy/v1alpha
kind: KatalystLock
metadata:
  generatedAt: '2026-03-16T22:54:47Z'
  generatedBy: kata tax init
  katalystVersion: 1.0.0
installed:
  core:
    version: 0.1.0
    schemaVersion: v1alpha
    installedAt: '2026-03-16T22:15:00Z'
    source: bundled
  plugins:
    cicd:
      version: 0.1.0
      installedAt: '2026-03-16T22:54:46Z'
      source: bundled
    just:
      version: 0.1.0
      installedAt: '2026-03-16T22:54:47Z'
      source: bundled
    layer_actions:
      version: 0.1.0
      installedAt: '2026-03-16T22:54:47Z'
      source: bundled
    layer_types:
      version: 0.1.0
      installedAt: '2026-03-16T22:54:47Z'
      source: bundled
